// !$*UTF8*$!
{
	archiveVersion = 1;
	classes = {
	};
	objectVersion = 48;
	objects = {

/* Begin PBXBuildFile section */
		A78F12951F72DB9B0079EEAA /* AppDelegate.swift in Sources */ = {isa = PBXBuildFile; fileRef = A78F12941F72DB9B0079EEAA /* AppDelegate.swift */; };
		A78F12971F72DB9B0079EEAA /* ViewController.swift in Sources */ = {isa = PBXBuildFile; fileRef = A78F12961F72DB9B0079EEAA /* ViewController.swift */; };
		A78F129A1F72DB9B0079EEAA /* Main.storyboard in Resources */ = {isa = PBXBuildFile; fileRef = A78F12981F72DB9B0079EEAA /* Main.storyboard */; };
		A78F129C1F72DB9B0079EEAA /* Assets.xcassets in Resources */ = {isa = PBXBuildFile; fileRef = A78F129B1F72DB9B0079EEAA /* Assets.xcassets */; };
		A78F129F1F72DB9B0079EEAA /* LaunchScreen.storyboard in Resources */ = {isa = PBXBuildFile; fileRef = A78F129D1F72DB9B0079EEAA /* LaunchScreen.storyboard */; };
		A78F12A71F72DEEE0079EEAA /* GoogLeNetPlaces.mlmodel in Sources */ = {isa = PBXBuildFile; fileRef = A78F12A61F72DEEB0079EEAA /* GoogLeNetPlaces.mlmodel */; };
/* End PBXBuildFile section */

/* Begin PBXFileReference section */
		A78F12911F72DB9B0079EEAA /* IntelligentImage.app */ = {isa = PBXFileReference; explicitFileType = wrapper.application; includeInIndex = 0; path = IntelligentImage.app; sourceTree = BUILT_PRODUCTS_DIR; };
		A78F12941F72DB9B0079EEAA /* AppDelegate.swift */ = {isa = PBXFileReference; lastKnownFileType = sourcecode.swift; path = AppDelegate.swift; sourceTree = "<group>"; };
		A78F12961F72DB9B0079EEAA /* ViewController.swift */ = {isa = PBXFileReference; lastKnownFileType = sourcecode.swift; path = ViewController.swift; sourceTree = "<group>"; };
		A78F12991F72DB9B0079EEAA /* Base */ = {isa = PBXFileReference; lastKnownFileType = file.storyboard; name = Base; path = Base.lproj/Main.storyboard; sourceTree = "<group>"; };
		A78F129B1F72DB9B0079EEAA /* Assets.xcassets */ = {isa = PBXFileReference; lastKnownFileType = folder.assetcatalog; path = Assets.xcassets; sourceTree = "<group>"; };
		A78F129E1F72DB9B0079EEAA /* Base */ = {isa = PBXFileReference; lastKnownFileType = file.storyboard; name = Base; path = Base.lproj/LaunchScreen.storyboard; sourceTree = "<group>"; };
		A78F12A01F72DB9B0079EEAA /* Info.plist */ = {isa = PBXFileReference; lastKnownFileType = text.plist.xml; path = Info.plist; sourceTree = "<group>"; };
		A78F12A61F72DEEB0079EEAA /* GoogLeNetPlaces.mlmodel */ = {isa = PBXFileReference; lastKnownFileType = file.mlmodel; path = GoogLeNetPlaces.mlmodel; sourceTree = "<group>"; };
/* End PBXFileReference section */

/* Begin PBXFrameworksBuildPhase section */
		A78F128E1F72DB9B0079EEAA /* Frameworks */ = {
			isa = PBXFrameworksBuildPhase;
			buildActionMask = 2147483647;
			files = (
			);
			runOnlyForDeploymentPostprocessing = 0;
		};
/* End PBXFrameworksBuildPhase section */

/* Begin PBXGroup section */
		A78F12881F72DB9B0079EEAA = {
			isa = PBXGroup;
			children = (
				A78F12931F72DB9B0079EEAA /* IntelligentImage */,
				A78F12921F72DB9B0079EEAA /* Products */,
			);
			sourceTree = "<group>";
		};
		A78F12921F72DB9B0079EEAA /* Products */ = {
			isa = PBXGroup;
			children = (
				A78F12911F72DB9B0079EEAA /* IntelligentImage.app */,
			);
			name = Products;
			sourceTree = "<group>";
		};
		A78F12931F72DB9B0079EEAA /* IntelligentImage */ = {
			isa = PBXGroup;
			children = (
				A78F12941F72DB9B0079EEAA /* AppDelegate.swift */,
				A78F12961F72DB9B0079EEAA /* ViewController.swift */,
				A78F12981F72DB9B0079EEAA /* Main.storyboard */,
				A78F129B1F72DB9B0079EEAA /* Assets.xcassets */,
				A78F129D1F72DB9B0079EEAA /* LaunchScreen.storyboard */,
				A78F12A01F72DB9B0079EEAA /* Info.plist */,
				A78F12A61F72DEEB0079EEAA /* GoogLeNetPlaces.mlmodel */,
			);
			path = IntelligentImage;
			sourceTree = "<group>";
		};
/* End PBXGroup section */

/* Begin PBXNativeTarget section */
		A78F12901F72DB9B0079EEAA /* IntelligentImage */ = {
			isa = PBXNativeTarget;
			buildConfigurationList = A78F12A31F72DB9B0079EEAA /* Build configuration list for PBXNativeTarget "IntelligentImage" */;
			buildPhases = (
				A78F128D1F72DB9B0079EEAA /* Sources */,
				A78F128E1F72DB9B0079EEAA /* Frameworks */,
				A78F128F1F72DB9B0079EEAA /* Resources */,
			);
			buildRules = (
			);
			dependencies = (
			);
			name = IntelligentImage;
			productName = IntelligentImage;
			productReference = A78F12911F72DB9B0079EEAA /* IntelligentImage.app */;
			productType = "com.apple.product-type.application";
		};
/* End PBXNativeTarget section */

/* Begin PBXProject section */
		A78F12891F72DB9B0079EEAA /* Project object */ = {
			isa = PBXProject;
			attributes = {
				LastSwiftUpdateCheck = 0900;
				LastUpgradeCheck = 0900;
				ORGANIZATIONNAME = "Samet ÇELİKBIÇAK";
				TargetAttributes = {
					A78F12901F72DB9B0079EEAA = {
						CreatedOnToolsVersion = 9.0;
					};
				};
			};
			buildConfigurationList = A78F128C1F72DB9B0079EEAA /* Build configuration list for PBXProject "IntelligentImage" */;
			compatibilityVersion = "Xcode 8.0";
			developmentRegion = en;
			hasScannedForEncodings = 0;
			knownRegions = (
				en,
				Base,
			);
			mainGroup = A78F12881F72DB9B0079EEAA;
			productRefGroup = A78F12921F72DB9B0079EEAA /* Products */;
			projectDirPath = "";
			projectRoot = "";
			targets = (
				A78F12901F72DB9B0079EEAA /* IntelligentImage */,
			);
		};
/* End PBXProject section */

/* Begin PBXResourcesBuildPhase section */
		A78F128F1F72DB9B0079EEAA /* Resources */ = {
			isa = PBXResourcesBuildPhase;
			buildActionMask = 2147483647;
			files = (
				A78F129F1F72DB9B0079EEAA /* LaunchScreen.storyboard in Resources */,
				A78F129C1F72DB9B0079EEAA /* Assets.xcassets in Resources */,
				A78F129A1F72DB9B0079EEAA /* Main.storyboard in Resources */,
			);
			runOnlyForDeploymentPostprocessing = 0;
		};
/* End PBXResourcesBuildPhase section */

/* Begin PBXSourcesBuildPhase section */
		A78F128D1F72DB9B0079EEAA /* Sources */ = {
			isa = PBXSourcesBuildPhase;
			buildActionMask = 2147483647;
			files = (
				A78F12971F72DB9B0079EEAA /* ViewController.swift in Sources */,
				A78F12951F72DB9B0079EEAA /* AppDelegate.swift in Sources */,
				A78F12A71F72DEEE0079EEAA /* GoogLeNetPlaces.mlmodel in Sources */,
			);
			runOnlyForDeploymentPostprocessing = 0;
		};
/* End PBXSourcesBuildPhase section */

/* Begin PBXVariantGroup section */
		A78F12981F72DB9B0079EEAA /* Main.storyboard */ = {
			isa = PBXVariantGroup;
			children = (
				A78F12991F72DB9B0079EEAA /* Base */,
			);
			name = Main.storyboard;
			sourceTree = "<group>";
		};
		A78F129D1F72DB9B0079EEAA /* LaunchScreen.storyboard */ = {
			isa = PBXVariantGroup;
			children = (
				A78F129E1F72DB9B0079EEAA /* Base */,
			);
			name = LaunchScreen.storyboard;
			sourceTree = "<group>";
		};
/* End PBXVariantGroup section */

/* Begin XCBuildConfiguration section */
		A78F12A11F72DB9B0079EEAA /* Debug */ = {
			isa = XCBuildConfiguration;
			buildSettings = {
				ALWAYS_SEARCH_USER_PATHS = NO;
				CLANG_ANALYZER_NONNULL = YES;
				CLANG_ANALYZER_NUMBER_OBJECT_CONVERSION = YES_AGGRESSIVE;
				CLANG_CXX_LANGUAGE_STANDARD = "gnu++14";
				CLANG_CXX_LIBRARY = "libc++";
				CLANG_ENABLE_MODULES = YES;
				CLANG_ENABLE_OBJC_ARC = YES;
				CLANG_WARN_BLOCK_CAPTURE_AUTORELEASING = YES;
				CLANG_WARN_BOOL_CONVERSION = YES;
				CLANG_WARN_COMMA = YES;
				CLANG_WARN_CONSTANT_CONVERSION = YES;
				CLANG_WARN_DIRECT_OBJC_ISA_USAGE = YES_ERROR;
				CLANG_WARN_DOCUMENTATION_COMMENTS = YES;
				CLANG_WARN_EMPTY_BODY = YES;
				CLANG_WARN_ENUM_CONVERSION = YES;
				CLANG_WARN_INFINITE_RECURSION = YES;
				CLANG_WARN_INT_CONVERSION = YES;
				CLANG_WARN_NON_LITERAL_NULL_CONVERSION = YES;
				CLANG_WARN_OBJC_LITERAL_CONVERSION = YES;
				CLANG_WARN_OBJC_ROOT_CLASS = YES_ERROR;
				CLANG_WARN_RANGE_LOOP_ANALYSIS = YES;
				CLANG_WARN_STRICT_PROTOTYPES = YES;
				CLANG_WARN_SUSPICIOUS_MOVE = YES;
				CLANG_WARN_UNGUARDED_AVAILABILITY = YES_AGGRESSIVE;
				CLANG_WARN_UNREACHABLE_CODE = YES;
				CLANG_WARN__DUPLICATE_METHOD_MATCH = YES;
				CODE_SIGN_IDENTITY = "iPhone Developer";
				COPY_PHASE_STRIP = NO;
				DEBUG_INFORMATION_FORMAT = dwarf;
				ENABLE_STRICT_OBJC_MSGSEND = YES;
				ENABLE_TESTABILITY = YES;
				GCC_C_LANGUAGE_STANDARD = gnu11;
				GCC_DYNAMIC_NO_PIC = NO;
				GCC_NO_COMMON_BLOCKS = YES;
				GCC_OPTIMIZATION_LEVEL = 0;
				GCC_PREPROCESSOR_DEFINITIONS = (
					"DEBUG=1",
					"$(inherited)",
				);
				GCC_WARN_64_TO_32_BIT_CONVERSION = YES;
				GCC_WARN_ABOUT_RETURN_TYPE = YES_ERROR;
				GCC_WARN_UNDECLARED_SELECTOR = YES;
				GCC_WARN_UNINITIALIZED_AUTOS = YES_AGGRESSIVE;
				GCC_WARN_UNUSED_FUNCTION = YES;
				GCC_WARN_UNUSED_VARIABLE = YES;
				IPHONEOS_DEPLOYMENT_TARGET = 11.0;
				MTL_ENABLE_DEBUG_INFO = YES;
				ONLY_ACTIVE_ARCH = YES;
				SDKROOT = iphoneos;
				SWIFT_ACTIVE_COMPILATION_CONDITIONS = DEBUG;
				SWIFT_OPTIMIZATION_LEVEL = "-Onone";
			};
			name = Debug;
		};
		A78F12A21F72DB9B0079EEAA /* Release */ = {
			isa = XCBuildConfiguration;
			buildSettings = {
				ALWAYS_SEARCH_USER_PATHS = NO;
				CLANG_ANALYZER_NONNULL = YES;
				CLANG_ANALYZER_NUMBER_OBJECT_CONVERSION = YES_AGGRESSIVE;
				CLANG_CXX_LANGUAGE_STANDARD = "gnu++14";
				CLANG_CXX_LIBRARY = "libc++";
				CLANG_ENABLE_MODULES = YES;
				CLANG_ENABLE_OBJC_ARC = YES;
				CLANG_WARN_BLOCK_CAPTURE_AUTORELEASING = YES;
				CLANG_WARN_BOOL_CONVERSION = YES;
				CLANG_WARN_COMMA = YES;
				CLANG_WARN_CONSTANT_CONVERSION = YES;
				CLANG_WARN_DIRECT_OBJC_ISA_USAGE = YES_ERROR;
				CLANG_WARN_DOCUMENTATION_COMMENTS = YES;
				CLANG_WARN_EMPTY_BODY = YES;
				CLANG_WARN_ENUM_CONVERSION = YES;
				CLANG_WARN_INFINITE_RECURSION = YES;
				CLANG_WARN_INT_CONVERSION = YES;
				CLANG_WARN_NON_LITERAL_NULL_CONVERSION = YES;
				CLANG_WARN_OBJC_LITERAL_CONVERSION = YES;
				CLANG_WARN_OBJC_ROOT_CLASS = YES_ERROR;
				CLANG_WARN_RANGE_LOOP_ANALYSIS = YES;
				CLANG_WARN_STRICT_PROTOTYPES = YES;
				CLANG_WARN_SUSPICIOUS_MOVE = YES;
				CLANG_WARN_UNGUARDED_AVAILABILITY = YES_AGGRESSIVE;
				CLANG_WARN_UNREACHABLE_CODE = YES;
				CLANG_WARN__DUPLICATE_METHOD_MATCH = YES;
				CODE_SIGN_IDENTITY = "iPhone Developer";
				COPY_PHASE_STRIP = NO;
				DEBUG_INFORMATION_FORMAT = "dwarf-with-dsym";
				ENABLE_NS_ASSERTIONS = NO;
				ENABLE_STRICT_OBJC_MSGSEND = YES;
				GCC_C_LANGUAGE_STANDARD = gnu11;
				GCC_NO_COMMON_BLOCKS = YES;
				GCC_WARN_64_TO_32_BIT_CONVERSION = YES;
				GCC_WARN_ABOUT_RETURN_TYPE = YES_ERROR;
				GCC_WARN_UNDECLARED_SELECTOR = YES;
				GCC_WARN_UNINITIALIZED_AUTOS = YES_AGGRESSIVE;
				GCC_WARN_UNUSED_FUNCTION = YES;
				GCC_WARN_UNUSED_VARIABLE = YES;
				IPHONEOS_DEPLOYMENT_TARGET = 11.0;
				MTL_ENABLE_DEBUG_INFO = NO;
				SDKROOT = iphoneos;
				SWIFT_OPTIMIZATION_LEVEL = "-Owholemodule";
				VALIDATE_PRODUCT = YES;
			};
			name = Release;
		};
		A78F12A41F72DB9B0079EEAA /* Debug */ = {
			isa = XCBuildConfiguration;
			buildSettings = {
				ASSETCATALOG_COMPILER_APPICON_NAME = AppIcon;
				DEVELOPMENT_TEAM = AR5JJM7SYD;
				INFOPLIST_FILE = IntelligentImage/Info.plist;
				LD_RUNPATH_SEARCH_PATHS = "$(inherited) @executable_path/Frameworks";
				PRODUCT_BUNDLE_IDENTIFIER = com.sametcelikbicak.IntelligentImage;
				PRODUCT_NAME = "$(TARGET_NAME)";
				SWIFT_VERSION = 4.0;
				TARGETED_DEVICE_FAMILY = "1,2";
			};
			name = Debug;
		};
		A78F12A51F72DB9B0079EEAA /* Release */ = {
			isa = XCBuildConfiguration;
			buildSettings = {
				ASSETCATALOG_COMPILER_APPICON_NAME = AppIcon;
				DEVELOPMENT_TEAM = AR5JJM7SYD;
				INFOPLIST_FILE = IntelligentImage/Info.plist;
				LD_RUNPATH_SEARCH_PATHS = "$(inherited) @executable_path/Frameworks";
				PRODUCT_BUNDLE_IDENTIFIER = com.sametcelikbicak.IntelligentImage;
				PRODUCT_NAME = "$(TARGET_NAME)";
				SWIFT_VERSION = 4.0;
				TARGETED_DEVICE_FAMILY = "1,2";
			};
			name = Release;
		};
/* End XCBuildConfiguration section */

/* Begin XCConfigurationList section */
		A78F128C1F72DB9B0079EEAA /* Build configuration list for PBXProject "IntelligentImage" */ = {
			isa = XCConfigurationList;
			buildConfigurations = (
				A78F12A11F72DB9B0079EEAA /* Debug */,
				A78F12A21F72DB9B0079EEAA /* Release */,
			);
			defaultConfigurationIsVisible = 0;
			defaultConfigurationName = Release;
		};
		A78F12A31F72DB9B0079EEAA /* Build configuration list for PBXNativeTarget "IntelligentImage" */ = {
			isa = XCConfigurationList;
			buildConfigurations = (
				A78F12A41F72DB9B0079EEAA /* Debug */,
				A78F12A51F72DB9B0079EEAA /* Release */,
			);
			defaultConfigurationIsVisible = 0;
			defaultConfigurationName = Release;
		};
/* End XCConfigurationList section */
	};
	rootObject = A78F12891F72DB9B0079EEAA /* Project object */;
}
